
Microsoft Visual Studio Solution File, Format Version 12.00
# Visual Studio Version 17
VisualStudioVersion = 17.11.35303.130
MinimumVisualStudioVersion = 10.0.40219.1
Project("{2150E333-8FDC-42A3-9474-1A3956D46DE8}") = "Task0", "Task0", "{AC09C7F4-7A1E-4405-A41F-D13E057D620B}"
EndProject
Project("{9A19103F-16F7-4668-BE54-9A1E7A4F7556}") = "Tyuiu.GurzanVM.Sprint3.Task0.V4", "Tyuiu.GurzanVM.Sprint3.Task0.V4\Tyuiu.GurzanVM.Sprint3.Task0.V4.csproj", "{FF39E179-711D-4855-8245-31AB9E7A7EC1}"
EndProject
Project("{9A19103F-16F7-4668-BE54-9A1E7A4F7556}") = "Tyuiu.GurzanVM.Sprint3.Task0.V4.Lib", "Tyuiu.GurzanVM.Sprint3.Task0.V4.Lib\Tyuiu.GurzanVM.Sprint3.Task0.V4.Lib.csproj", "{40C45936-71FA-4AC5-A43F-ABB9237F96F0}"
EndProject
Project("{9A19103F-16F7-4668-BE54-9A1E7A4F7556}") = "Tyuiu.GurzanVM.Sprint3.Task0.V4.Test", "Tyuiu.GurzanVM.Sprint3.Task0.V4.Test\Tyuiu.GurzanVM.Sprint3.Task0.V4.Test.csproj", "{5A4E2D52-C1E7-4CC2-8130-BD99FE057D84}"
EndProject
Project("{2150E333-8FDC-42A3-9474-1A3956D46DE8}") = "Task1", "Task1", "{1A01EFB4-29E0-4C2E-80A0-BF03224813A6}"
EndProject
Project("{9A19103F-16F7-4668-BE54-9A1E7A4F7556}") = "Tyuiu.GurzanVM.Sprint3.Task1.V8", "Tyuiu.GurzanVM.Sprint3.Task1.V8\Tyuiu.GurzanVM.Sprint3.Task1.V8.csproj", "{CE144A5A-5321-4EED-AD19-92E490B76762}"
EndProject
Project("{9A19103F-16F7-4668-BE54-9A1E7A4F7556}") = "Tyuiu.GurzanVM.Sprint3.Task1.V8.Lib", "Tyuiu.GurzanVM.Sprint3.Task1.V8.Lib\Tyuiu.GurzanVM.Sprint3.Task1.V8.Lib.csproj", "{846DF6E5-2852-4653-8474-2C00C3B16806}"
EndProject
Project("{9A19103F-16F7-4668-BE54-9A1E7A4F7556}") = "Tyuiu.GurzanVM.Sprint3.Task1.V8.Test", "Tyuiu.GurzanVM.Sprint3.Task1.V8.Test\Tyuiu.GurzanVM.Sprint3.Task1.V8.Test.csproj", "{21C3E79C-F563-4B11-BD59-331ADCB0591B}"
EndProject
Project("{2150E333-8FDC-42A3-9474-1A3956D46DE8}") = "Task2", "Task2", "{DC38BFCE-373C-4958-855B-F98D61F995A9}"
EndProject
Project("{9A19103F-16F7-4668-BE54-9A1E7A4F7556}") = "Tyuiu.GurzanVM.Sprint3.Task2.V30", "Tyuiu.GurzanVM.Sprint3.Task2.V30\Tyuiu.GurzanVM.Sprint3.Task2.V30.csproj", "{D511E984-8C6C-4455-AD00-D7868C9CEB4B}"
EndProject
Project("{9A19103F-16F7-4668-BE54-9A1E7A4F7556}") = "Tyuiu.GurzanVM.Sprint3.Task2.V30.Lib", "Tyuiu.GurzanVM.Sprint3.Task2.V30.Lib\Tyuiu.GurzanVM.Sprint3.Task2.V30.Lib.csproj", "{863EFB72-DCE5-4FE2-BEF2-B9B1D2282B6A}"
EndProject
Project("{9A19103F-16F7-4668-BE54-9A1E7A4F7556}") = "Tyuiu.GurzanVM.Sprint3.Task2.V30.Test", "Tyuiu.GurzanVM.Sprint3.Task2.V30.Test\Tyuiu.GurzanVM.Sprint3.Task2.V30.Test.csproj", "{68D91933-7DAC-4BE1-9956-F57B512F9A87}"
EndProject
Project("{2150E333-8FDC-42A3-9474-1A3956D46DE8}") = "Task3", "Task3", "{6C128037-65CB-423B-A078-9D4A7BE88D72}"
EndProject
Project("{9A19103F-16F7-4668-BE54-9A1E7A4F7556}") = "Tyuiu.GurzanVM.Sprint3.Task3.V17", "Tyuiu.GurzanVM.Sprint3.Task3.V17\Tyuiu.GurzanVM.Sprint3.Task3.V17.csproj", "{A6DAB246-E239-468C-9116-D53AC9AED8D9}"
EndProject
Project("{9A19103F-16F7-4668-BE54-9A1E7A4F7556}") = "Tyuiu.GurzanVM.Sprint3.Task3.V17.Lib", "Tyuiu.GurzanVM.Sprint3.Task3.V17.Lib\Tyuiu.GurzanVM.Sprint3.Task3.V17.Lib.csproj", "{131E1693-A91B-4BDC-91D5-67342478649B}"
EndProject
Project("{9A19103F-16F7-4668-BE54-9A1E7A4F7556}") = "Tyuiu.GurzanVM.Sprint3.Task3.V17.Test", "Tyuiu.GurzanVM.Sprint3.Task3.V17.Test\Tyuiu.GurzanVM.Sprint3.Task3.V17.Test.csproj", "{4BBCFB4E-184A-488A-A3FD-61BAB7FB1397}"
EndProject
Project("{2150E333-8FDC-42A3-9474-1A3956D46DE8}") = "Task4", "Task4", "{BB2F3913-6D83-4514-A475-881D80AA30BD}"
EndProject
Project("{9A19103F-16F7-4668-BE54-9A1E7A4F7556}") = "Tyuiu.GurzanVM.Sprint3.Task4.V20", "Tyuiu.GurzanVM.Sprint3.Task4.V20\Tyuiu.GurzanVM.Sprint3.Task4.V20.csproj", "{2738CCA2-48EF-4E10-8F2B-CC3E30C6283F}"
EndProject
Project("{9A19103F-16F7-4668-BE54-9A1E7A4F7556}") = "Tyuiu.GurzanVM.Sprint3.Task4.V20.Lib", "Tyuiu.GurzanVM.Sprint3.Task4.V20.Lib\Tyuiu.GurzanVM.Sprint3.Task4.V20.Lib.csproj", "{108D34A0-FA7E-4798-A220-CBEACA993769}"
EndProject
Project("{9A19103F-16F7-4668-BE54-9A1E7A4F7556}") = "Tyuiu.GurzanVM.Sprint3.Task4.V20.Test", "Tyuiu.GurzanVM.Sprint3.Task4.V20.Test\Tyuiu.GurzanVM.Sprint3.Task4.V20.Test.csproj", "{34213097-8911-4129-83C8-282D92DDB5D6}"
EndProject
Project("{2150E333-8FDC-42A3-9474-1A3956D46DE8}") = "Task5", "Task5", "{A9FB244A-C697-4E4A-9C64-B5DAA71F20C7}"
EndProject
Project("{9A19103F-16F7-4668-BE54-9A1E7A4F7556}") = "Tyuiu.GurzanVM.Sprint3.Task5.V20", "Tyuiu.GurzanVM.Sprint3.Task5.V20\Tyuiu.GurzanVM.Sprint3.Task5.V20.csproj", "{B418D16B-398F-4BEC-9E08-BDDC27F38290}"
EndProject
Project("{9A19103F-16F7-4668-BE54-9A1E7A4F7556}") = "Tyuiu.GurzanVM.Sprint3.Task5.V20.Lib", "Tyuiu.GurzanVM.Sprint3.Task5.V20.Lib\Tyuiu.GurzanVM.Sprint3.Task5.V20.Lib.csproj", "{DA6DD49E-8D69-4294-9770-B510F4BC0B04}"
EndProject
Project("{9A19103F-16F7-4668-BE54-9A1E7A4F7556}") = "Tyuiu.GurzanVM.Sprint3.Task5.V20.Test", "Tyuiu.GurzanVM.Sprint3.Task5.V20.Test\Tyuiu.GurzanVM.Sprint3.Task5.V20.Test.csproj", "{AB2F7957-71BE-4A57-A592-62120D12584D}"
EndProject
Project("{2150E333-8FDC-42A3-9474-1A3956D46DE8}") = "Task6", "Task6", "{F09C3B2A-7FD6-4F43-B077-5BCB2CE43461}"
EndProject
Project("{9A19103F-16F7-4668-BE54-9A1E7A4F7556}") = "Tyuiu.GurzanVM.Sprint3.Task6.V1", "Tyuiu.GurzanVM.Sprint3.Task6.V1\Tyuiu.GurzanVM.Sprint3.Task6.V1.csproj", "{EC63CE50-1B5B-45B1-9D21-48C8A93160C7}"
EndProject
Project("{9A19103F-16F7-4668-BE54-9A1E7A4F7556}") = "Tyuiu.GurzanVM.Sprint3.Task6.V1.Lib", "Tyuiu.GurzanVM.Sprint3.Task6.V1.Lib\Tyuiu.GurzanVM.Sprint3.Task6.V1.Lib.csproj", "{A5B6C426-6903-4A45-9F81-0F12C861598F}"
EndProject
Project("{9A19103F-16F7-4668-BE54-9A1E7A4F7556}") = "Tyuiu.GurzanVM.Sprint3.Task6.V1.Test", "Tyuiu.GurzanVM.Sprint3.Task6.V1.Test\Tyuiu.GurzanVM.Sprint3.Task6.V1.Test.csproj", "{8DDB5F61-2E0B-43CB-A1AB-8D566F62C13D}"
EndProject
Project("{2150E333-8FDC-42A3-9474-1A3956D46DE8}") = "Task7", "Task7", "{CEC9E3EA-3DDC-4BC1-A3CF-C648CF9BBD50}"
EndProject
Project("{FAE04EC0-301F-11D3-BF4B-00C04F79EFBC}") = "Tyuiu.GurzanVM.Sprint3.Task7.V28", "Tyuiu.GurzanVM.Sprint3.Task7.V28\Tyuiu.GurzanVM.Sprint3.Task7.V28.csproj", "{8AEDF143-EFF2-4395-AAA9-3E9B4911DB78}"
EndProject
Project("{FAE04EC0-301F-11D3-BF4B-00C04F79EFBC}") = "Tyuiu.GurzanVM.Sprint3.Task7.V28.Lib", "Tyuiu.GurzanVM.Sprint3.Task7.V28.Lib\Tyuiu.GurzanVM.Sprint3.Task7.V28.Lib.csproj", "{F4C4B9EC-F259-4548-9875-270BCA6C3CEF}"
EndProject
Project("{FAE04EC0-301F-11D3-BF4B-00C04F79EFBC}") = "Tyuiu.GurzanVM.Sprint3.Task7.V28.Test", "Tyuiu.GurzanVM.Sprint3.Task7.V28.Test\Tyuiu.GurzanVM.Sprint3.Task7.V28.Test.csproj", "{2A5DC594-6EB6-46B6-9D5C-6D6B6BA776C7}"
EndProject
Global
	GlobalSection(SolutionConfigurationPlatforms) = preSolution
		Debug|Any CPU = Debug|Any CPU
		Release|Any CPU = Release|Any CPU
	EndGlobalSection
	GlobalSection(ProjectConfigurationPlatforms) = postSolution
		{FF39E179-711D-4855-8245-31AB9E7A7EC1}.Debug|Any CPU.ActiveCfg = Debug|Any CPU
		{FF39E179-711D-4855-8245-31AB9E7A7EC1}.Debug|Any CPU.Build.0 = Debug|Any CPU
		{FF39E179-711D-4855-8245-31AB9E7A7EC1}.Release|Any CPU.ActiveCfg = Release|Any CPU
		{FF39E179-711D-4855-8245-31AB9E7A7EC1}.Release|Any CPU.Build.0 = Release|Any CPU
		{40C45936-71FA-4AC5-A43F-ABB9237F96F0}.Debug|Any CPU.ActiveCfg = Debug|Any CPU
		{40C45936-71FA-4AC5-A43F-ABB9237F96F0}.Debug|Any CPU.Build.0 = Debug|Any CPU
		{40C45936-71FA-4AC5-A43F-ABB9237F96F0}.Release|Any CPU.ActiveCfg = Release|Any CPU
		{40C45936-71FA-4AC5-A43F-ABB9237F96F0}.Release|Any CPU.Build.0 = Release|Any CPU
		{5A4E2D52-C1E7-4CC2-8130-BD99FE057D84}.Debug|Any CPU.ActiveCfg = Debug|Any CPU
		{5A4E2D52-C1E7-4CC2-8130-BD99FE057D84}.Debug|Any CPU.Build.0 = Debug|Any CPU
		{5A4E2D52-C1E7-4CC2-8130-BD99FE057D84}.Release|Any CPU.ActiveCfg = Release|Any CPU
		{5A4E2D52-C1E7-4CC2-8130-BD99FE057D84}.Release|Any CPU.Build.0 = Release|Any CPU
		{CE144A5A-5321-4EED-AD19-92E490B76762}.Debug|Any CPU.ActiveCfg = Debug|Any CPU
		{CE144A5A-5321-4EED-AD19-92E490B76762}.Debug|Any CPU.Build.0 = Debug|Any CPU
		{CE144A5A-5321-4EED-AD19-92E490B76762}.Release|Any CPU.ActiveCfg = Release|Any CPU
		{CE144A5A-5321-4EED-AD19-92E490B76762}.Release|Any CPU.Build.0 = Release|Any CPU
		{846DF6E5-2852-4653-8474-2C00C3B16806}.Debug|Any CPU.ActiveCfg = Debug|Any CPU
		{846DF6E5-2852-4653-8474-2C00C3B16806}.Debug|Any CPU.Build.0 = Debug|Any CPU
		{846DF6E5-2852-4653-8474-2C00C3B16806}.Release|Any CPU.ActiveCfg = Release|Any CPU
		{846DF6E5-2852-4653-8474-2C00C3B16806}.Release|Any CPU.Build.0 = Release|Any CPU
		{21C3E79C-F563-4B11-BD59-331ADCB0591B}.Debug|Any CPU.ActiveCfg = Debug|Any CPU
		{21C3E79C-F563-4B11-BD59-331ADCB0591B}.Debug|Any CPU.Build.0 = Debug|Any CPU
		{21C3E79C-F563-4B11-BD59-331ADCB0591B}.Release|Any CPU.ActiveCfg = Release|Any CPU
		{21C3E79C-F563-4B11-BD59-331ADCB0591B}.Release|Any CPU.Build.0 = Release|Any CPU
		{D511E984-8C6C-4455-AD00-D7868C9CEB4B}.Debug|Any CPU.ActiveCfg = Debug|Any CPU
		{D511E984-8C6C-4455-AD00-D7868C9CEB4B}.Debug|Any CPU.Build.0 = Debug|Any CPU
		{D511E984-8C6C-4455-AD00-D7868C9CEB4B}.Release|Any CPU.ActiveCfg = Release|Any CPU
		{D511E984-8C6C-4455-AD00-D7868C9CEB4B}.Release|Any CPU.Build.0 = Release|Any CPU
		{863EFB72-DCE5-4FE2-BEF2-B9B1D2282B6A}.Debug|Any CPU.ActiveCfg = Debug|Any CPU
		{863EFB72-DCE5-4FE2-BEF2-B9B1D2282B6A}.Debug|Any CPU.Build.0 = Debug|Any CPU
		{863EFB72-DCE5-4FE2-BEF2-B9B1D2282B6A}.Release|Any CPU.ActiveCfg = Release|Any CPU
		{863EFB72-DCE5-4FE2-BEF2-B9B1D2282B6A}.Release|Any CPU.Build.0 = Release|Any CPU
		{68D91933-7DAC-4BE1-9956-F57B512F9A87}.Debug|Any CPU.ActiveCfg = Debug|Any CPU
		{68D91933-7DAC-4BE1-9956-F57B512F9A87}.Debug|Any CPU.Build.0 = Debug|Any CPU
		{68D91933-7DAC-4BE1-9956-F57B512F9A87}.Release|Any CPU.ActiveCfg = Release|Any CPU
		{68D91933-7DAC-4BE1-9956-F57B512F9A87}.Release|Any CPU.Build.0 = Release|Any CPU
		{A6DAB246-E239-468C-9116-D53AC9AED8D9}.Debug|Any CPU.ActiveCfg = Debug|Any CPU
		{A6DAB246-E239-468C-9116-D53AC9AED8D9}.Debug|Any CPU.Build.0 = Debug|Any CPU
		{A6DAB246-E239-468C-9116-D53AC9AED8D9}.Release|Any CPU.ActiveCfg = Release|Any CPU
		{A6DAB246-E239-468C-9116-D53AC9AED8D9}.Release|Any CPU.Build.0 = Release|Any CPU
		{131E1693-A91B-4BDC-91D5-67342478649B}.Debug|Any CPU.ActiveCfg = Debug|Any CPU
		{131E1693-A91B-4BDC-91D5-67342478649B}.Debug|Any CPU.Build.0 = Debug|Any CPU
		{131E1693-A91B-4BDC-91D5-67342478649B}.Release|Any CPU.ActiveCfg = Release|Any CPU
		{131E1693-A91B-4BDC-91D5-67342478649B}.Release|Any CPU.Build.0 = Release|Any CPU
		{4BBCFB4E-184A-488A-A3FD-61BAB7FB1397}.Debug|Any CPU.ActiveCfg = Debug|Any CPU
		{4BBCFB4E-184A-488A-A3FD-61BAB7FB1397}.Debug|Any CPU.Build.0 = Debug|Any CPU
		{4BBCFB4E-184A-488A-A3FD-61BAB7FB1397}.Release|Any CPU.ActiveCfg = Release|Any CPU
		{4BBCFB4E-184A-488A-A3FD-61BAB7FB1397}.Release|Any CPU.Build.0 = Release|Any CPU
		{2738CCA2-48EF-4E10-8F2B-CC3E30C6283F}.Debug|Any CPU.ActiveCfg = Debug|Any CPU
		{2738CCA2-48EF-4E10-8F2B-CC3E30C6283F}.Debug|Any CPU.Build.0 = Debug|Any CPU
		{2738CCA2-48EF-4E10-8F2B-CC3E30C6283F}.Release|Any CPU.ActiveCfg = Release|Any CPU
		{2738CCA2-48EF-4E10-8F2B-CC3E30C6283F}.Release|Any CPU.Build.0 = Release|Any CPU
		{108D34A0-FA7E-4798-A220-CBEACA993769}.Debug|Any CPU.ActiveCfg = Debug|Any CPU
		{108D34A0-FA7E-4798-A220-CBEACA993769}.Debug|Any CPU.Build.0 = Debug|Any CPU
		{108D34A0-FA7E-4798-A220-CBEACA993769}.Release|Any CPU.ActiveCfg = Release|Any CPU
		{108D34A0-FA7E-4798-A220-CBEACA993769}.Release|Any CPU.Build.0 = Release|Any CPU
		{34213097-8911-4129-83C8-282D92DDB5D6}.Debug|Any CPU.ActiveCfg = Debug|Any CPU
		{34213097-8911-4129-83C8-282D92DDB5D6}.Debug|Any CPU.Build.0 = Debug|Any CPU
		{34213097-8911-4129-83C8-282D92DDB5D6}.Release|Any CPU.ActiveCfg = Release|Any CPU
		{34213097-8911-4129-83C8-282D92DDB5D6}.Release|Any CPU.Build.0 = Release|Any CPU
		{B418D16B-398F-4BEC-9E08-BDDC27F38290}.Debug|Any CPU.ActiveCfg = Debug|Any CPU
		{B418D16B-398F-4BEC-9E08-BDDC27F38290}.Debug|Any CPU.Build.0 = Debug|Any CPU
		{B418D16B-398F-4BEC-9E08-BDDC27F38290}.Release|Any CPU.ActiveCfg = Release|Any CPU
		{B418D16B-398F-4BEC-9E08-BDDC27F38290}.Release|Any CPU.Build.0 = Release|Any CPU
		{DA6DD49E-8D69-4294-9770-B510F4BC0B04}.Debug|Any CPU.ActiveCfg = Debug|Any CPU
		{DA6DD49E-8D69-4294-9770-B510F4BC0B04}.Debug|Any CPU.Build.0 = Debug|Any CPU
		{DA6DD49E-8D69-4294-9770-B510F4BC0B04}.Release|Any CPU.ActiveCfg = Release|Any CPU
		{DA6DD49E-8D69-4294-9770-B510F4BC0B04}.Release|Any CPU.Build.0 = Release|Any CPU
		{AB2F7957-71BE-4A57-A592-62120D12584D}.Debug|Any CPU.ActiveCfg = Debug|Any CPU
		{AB2F7957-71BE-4A57-A592-62120D12584D}.Debug|Any CPU.Build.0 = Debug|Any CPU
		{AB2F7957-71BE-4A57-A592-62120D12584D}.Release|Any CPU.ActiveCfg = Release|Any CPU
		{AB2F7957-71BE-4A57-A592-62120D12584D}.Release|Any CPU.Build.0 = Release|Any CPU
		{EC63CE50-1B5B-45B1-9D21-48C8A93160C7}.Debug|Any CPU.ActiveCfg = Debug|Any CPU
		{EC63CE50-1B5B-45B1-9D21-48C8A93160C7}.Debug|Any CPU.Build.0 = Debug|Any CPU
		{EC63CE50-1B5B-45B1-9D21-48C8A93160C7}.Release|Any CPU.ActiveCfg = Release|Any CPU
		{EC63CE50-1B5B-45B1-9D21-48C8A93160C7}.Release|Any CPU.Build.0 = Release|Any CPU
		{A5B6C426-6903-4A45-9F81-0F12C861598F}.Debug|Any CPU.ActiveCfg = Debug|Any CPU
		{A5B6C426-6903-4A45-9F81-0F12C861598F}.Debug|Any CPU.Build.0 = Debug|Any CPU
		{A5B6C426-6903-4A45-9F81-0F12C861598F}.Release|Any CPU.ActiveCfg = Release|Any CPU
		{A5B6C426-6903-4A45-9F81-0F12C861598F}.Release|Any CPU.Build.0 = Release|Any CPU
		{8DDB5F61-2E0B-43CB-A1AB-8D566F62C13D}.Debug|Any CPU.ActiveCfg = Debug|Any CPU
		{8DDB5F61-2E0B-43CB-A1AB-8D566F62C13D}.Debug|Any CPU.Build.0 = Debug|Any CPU
		{8DDB5F61-2E0B-43CB-A1AB-8D566F62C13D}.Release|Any CPU.ActiveCfg = Release|Any CPU
		{8DDB5F61-2E0B-43CB-A1AB-8D566F62C13D}.Release|Any CPU.Build.0 = Release|Any CPU
		{8AEDF143-EFF2-4395-AAA9-3E9B4911DB78}.Debug|Any CPU.ActiveCfg = Debug|Any CPU
		{8AEDF143-EFF2-4395-AAA9-3E9B4911DB78}.Debug|Any CPU.Build.0 = Debug|Any CPU
		{8AEDF143-EFF2-4395-AAA9-3E9B4911DB78}.Release|Any CPU.ActiveCfg = Release|Any CPU
		{8AEDF143-EFF2-4395-AAA9-3E9B4911DB78}.Release|Any CPU.Build.0 = Release|Any CPU
		{F4C4B9EC-F259-4548-9875-270BCA6C3CEF}.Debug|Any CPU.ActiveCfg = Debug|Any CPU
		{F4C4B9EC-F259-4548-9875-270BCA6C3CEF}.Debug|Any CPU.Build.0 = Debug|Any CPU
		{F4C4B9EC-F259-4548-9875-270BCA6C3CEF}.Release|Any CPU.ActiveCfg = Release|Any CPU
		{F4C4B9EC-F259-4548-9875-270BCA6C3CEF}.Release|Any CPU.Build.0 = Release|Any CPU
		{2A5DC594-6EB6-46B6-9D5C-6D6B6BA776C7}.Debug|Any CPU.ActiveCfg = Debug|Any CPU
		{2A5DC594-6EB6-46B6-9D5C-6D6B6BA776C7}.Debug|Any CPU.Build.0 = Debug|Any CPU
		{2A5DC594-6EB6-46B6-9D5C-6D6B6BA776C7}.Release|Any CPU.ActiveCfg = Release|Any CPU
		{2A5DC594-6EB6-46B6-9D5C-6D6B6BA776C7}.Release|Any CPU.Build.0 = Release|Any CPU
	EndGlobalSection
	GlobalSection(SolutionProperties) = preSolution
		HideSolutionNode = FALSE
	EndGlobalSection
	GlobalSection(NestedProjects) = preSolution
		{FF39E179-711D-4855-8245-31AB9E7A7EC1} = {AC09C7F4-7A1E-4405-A41F-D13E057D620B}
		{40C45936-71FA-4AC5-A43F-ABB9237F96F0} = {AC09C7F4-7A1E-4405-A41F-D13E057D620B}
		{5A4E2D52-C1E7-4CC2-8130-BD99FE057D84} = {AC09C7F4-7A1E-4405-A41F-D13E057D620B}
		{CE144A5A-5321-4EED-AD19-92E490B76762} = {1A01EFB4-29E0-4C2E-80A0-BF03224813A6}
		{846DF6E5-2852-4653-8474-2C00C3B16806} = {1A01EFB4-29E0-4C2E-80A0-BF03224813A6}
		{21C3E79C-F563-4B11-BD59-331ADCB0591B} = {1A01EFB4-29E0-4C2E-80A0-BF03224813A6}
		{D511E984-8C6C-4455-AD00-D7868C9CEB4B} = {DC38BFCE-373C-4958-855B-F98D61F995A9}
		{863EFB72-DCE5-4FE2-BEF2-B9B1D2282B6A} = {DC38BFCE-373C-4958-855B-F98D61F995A9}
		{68D91933-7DAC-4BE1-9956-F57B512F9A87} = {DC38BFCE-373C-4958-855B-F98D61F995A9}
		{A6DAB246-E239-468C-9116-D53AC9AED8D9} = {6C128037-65CB-423B-A078-9D4A7BE88D72}
		{131E1693-A91B-4BDC-91D5-67342478649B} = {6C128037-65CB-423B-A078-9D4A7BE88D72}
		{4BBCFB4E-184A-488A-A3FD-61BAB7FB1397} = {6C128037-65CB-423B-A078-9D4A7BE88D72}
		{2738CCA2-48EF-4E10-8F2B-CC3E30C6283F} = {BB2F3913-6D83-4514-A475-881D80AA30BD}
		{108D34A0-FA7E-4798-A220-CBEACA993769} = {BB2F3913-6D83-4514-A475-881D80AA30BD}
		{34213097-8911-4129-83C8-282D92DDB5D6} = {BB2F3913-6D83-4514-A475-881D80AA30BD}
		{B418D16B-398F-4BEC-9E08-BDDC27F38290} = {A9FB244A-C697-4E4A-9C64-B5DAA71F20C7}
		{DA6DD49E-8D69-4294-9770-B510F4BC0B04} = {A9FB244A-C697-4E4A-9C64-B5DAA71F20C7}
		{AB2F7957-71BE-4A57-A592-62120D12584D} = {A9FB244A-C697-4E4A-9C64-B5DAA71F20C7}
		{EC63CE50-1B5B-45B1-9D21-48C8A93160C7} = {F09C3B2A-7FD6-4F43-B077-5BCB2CE43461}
		{A5B6C426-6903-4A45-9F81-0F12C861598F} = {F09C3B2A-7FD6-4F43-B077-5BCB2CE43461}
		{8DDB5F61-2E0B-43CB-A1AB-8D566F62C13D} = {F09C3B2A-7FD6-4F43-B077-5BCB2CE43461}
		{8AEDF143-EFF2-4395-AAA9-3E9B4911DB78} = {CEC9E3EA-3DDC-4BC1-A3CF-C648CF9BBD50}
		{F4C4B9EC-F259-4548-9875-270BCA6C3CEF} = {CEC9E3EA-3DDC-4BC1-A3CF-C648CF9BBD50}
		{2A5DC594-6EB6-46B6-9D5C-6D6B6BA776C7} = {CEC9E3EA-3DDC-4BC1-A3CF-C648CF9BBD50}
	EndGlobalSection
	GlobalSection(ExtensibilityGlobals) = postSolution
		SolutionGuid = {023AFAE3-F9ED-4B50-B38E-209FCA0B1CA7}
	EndGlobalSection
EndGlobal
